
Microsoft Visual Studio Solution File, Format Version 12.00
# Visual Studio Version 16
VisualStudioVersion = 16.0.29806.167
MinimumVisualStudioVersion = 10.0.40219.1
Project("{FAE04EC0-301F-11D3-BF4B-00C04F79EFBC}") = "UserSecrets2", "UserSecrets2.csproj", "{B3B04648-339F-435A-8DDD-741EA6DF1E79}"
EndProject
Global
	GlobalSection(SolutionConfigurationPlatforms) = preSolution
		Debug|Any CPU = Debug|Any CPU
		Release|Any CPU = Release|Any CPU
	EndGlobalSection
	GlobalSection(ProjectConfigurationPlatforms) = postSolution
		{B3B04648-339F-435A-8DDD-741EA6DF1E79}.Debug|Any CPU.ActiveCfg = Debug|Any CPU
		{B3B04648-339F-435A-8DDD-741EA6DF1E79}.Debug|Any CPU.Build.0 = Debug|Any CPU
		{B3B04648-339F-435A-8DDD-741EA6DF1E79}.Release|Any CPU.ActiveCfg = Release|Any CPU
		{B3B04648-339F-435A-8DDD-741EA6DF1E79}.Release|Any CPU.Build.0 = Release|Any CPU
	EndGlobalSection
	GlobalSection(SolutionProperties) = preSolution
		HideSolutionNode = FALSE
	EndGlobalSection
	GlobalSection(ExtensibilityGlobals) = postSolution
		SolutionGuid = {4F826DB5-35A1-46BD-99D1-C391BF1B4ECC}
	EndGlobalSection
EndGlobal
